
Microsoft Visual Studio Solution File, Format Version 12.00
# Visual Studio Version 16
VisualStudioVersion = 16.0.29009.5
MinimumVisualStudioVersion = 10.0.40219.1
Project("{FAE04EC0-301F-11D3-BF4B-00C04F79EFBC}") = "shop", "shop.csproj", "{16AF36DB-5662-4478-B55B-843DDA714922}"
EndProject
Project("{FAE04EC0-301F-11D3-BF4B-00C04F79EFBC}") = "shopLibrary", "..\shopLibrary\shopLibrary.csproj", "{8EA4CBCE-42D6-42F1-AA0F-7C8F8EC5834D}"
EndProject
Global
	GlobalSection(SolutionConfigurationPlatforms) = preSolution
		Debug|Any CPU = Debug|Any CPU
		Release|Any CPU = Release|Any CPU
	EndGlobalSection
	GlobalSection(ProjectConfigurationPlatforms) = postSolution
		{16AF36DB-5662-4478-B55B-843DDA714922}.Debug|Any CPU.ActiveCfg = Debug|Any CPU
		{16AF36DB-5662-4478-B55B-843DDA714922}.Debug|Any CPU.Build.0 = Debug|Any CPU
		{16AF36DB-5662-4478-B55B-843DDA714922}.Release|Any CPU.ActiveCfg = Release|Any CPU
		{16AF36DB-5662-4478-B55B-843DDA714922}.Release|Any CPU.Build.0 = Release|Any CPU
		{8EA4CBCE-42D6-42F1-AA0F-7C8F8EC5834D}.Debug|Any CPU.ActiveCfg = Debug|Any CPU
		{8EA4CBCE-42D6-42F1-AA0F-7C8F8EC5834D}.Debug|Any CPU.Build.0 = Debug|Any CPU
		{8EA4CBCE-42D6-42F1-AA0F-7C8F8EC5834D}.Release|Any CPU.ActiveCfg = Release|Any CPU
		{8EA4CBCE-42D6-42F1-AA0F-7C8F8EC5834D}.Release|Any CPU.Build.0 = Release|Any CPU
	EndGlobalSection
	GlobalSection(SolutionProperties) = preSolution
		HideSolutionNode = FALSE
	EndGlobalSection
	GlobalSection(ExtensibilityGlobals) = postSolution
		SolutionGuid = {541BDA25-7D98-4E2E-A17A-44555CA74D02}
	EndGlobalSection
EndGlobal
